
Microsoft Visual Studio Solution File, Format Version 12.00
# Visual Studio Version 17
VisualStudioVersion = 17.14.36327.8
MinimumVisualStudioVersion = 10.0.40219.1
Project("{FAE04EC0-301F-11D3-BF4B-00C04F79EFBC}") = "csharptests", "csharptests.csproj", "{00E40628-40BD-484B-BAC2-2602D2A06B7A}"
EndProject
Project("{FAE04EC0-301F-11D3-BF4B-00C04F79EFBC}") = "addressbook-test-data-generators", "addressbook-test-data-generators\addressbook-test-data-generators.csproj", "{FB07E4D6-B9CB-4776-A72A-452C0BBE2CDE}"
	ProjectSection(ProjectDependencies) = postProject
		{91F3EE3D-D014-47EC-9F23-878F0D7BAC86} = {91F3EE3D-D014-47EC-9F23-878F0D7BAC86}
	EndProjectSection
EndProject

Global
	GlobalSection(SolutionConfigurationPlatforms) = preSolution
		Debug|Any CPU = Debug|Any CPU
		Debug|ARM32 = Debug|ARM32
		Release|Any CPU = Release|Any CPU
		Release|ARM32 = Release|ARM32
	EndGlobalSection
	GlobalSection(ProjectConfigurationPlatforms) = postSolution
		{00E40628-40BD-484B-BAC2-2602D2A06B7A}.Debug|Any CPU.ActiveCfg = Debug|Any CPU
		{00E40628-40BD-484B-BAC2-2602D2A06B7A}.Debug|Any CPU.Build.0 = Debug|Any CPU
		{00E40628-40BD-484B-BAC2-2602D2A06B7A}.Debug|ARM32.ActiveCfg = Debug|ARM32
		{00E40628-40BD-484B-BAC2-2602D2A06B7A}.Debug|ARM32.Build.0 = Debug|ARM32
		{00E40628-40BD-484B-BAC2-2602D2A06B7A}.Release|Any CPU.ActiveCfg = Release|Any CPU
		{00E40628-40BD-484B-BAC2-2602D2A06B7A}.Release|Any CPU.Build.0 = Release|Any CPU
		{00E40628-40BD-484B-BAC2-2602D2A06B7A}.Release|ARM32.ActiveCfg = Release|ARM32
		{00E40628-40BD-484B-BAC2-2602D2A06B7A}.Release|ARM32.Build.0 = Release|ARM32
	EndGlobalSection
	GlobalSection(SolutionProperties) = preSolution
		HideSolutionNode = FALSE
	EndGlobalSection
	GlobalSection(ExtensibilityGlobals) = postSolution
		SolutionGuid = {17BE031B-62CD-45BD-81E8-DFBDB57B9449}
	EndGlobalSection
EndGlobal
